
Microsoft Visual Studio Solution File, Format Version 12.00
# Visual Studio 14
VisualStudioVersion = 14.0.25420.1
MinimumVisualStudioVersion = 10.0.40219.1
Project("{FAE04EC0-301F-11D3-BF4B-00C04F79EFBC}") = "MicroSchemaParser", "MicroSchemaParser\MicroSchemaParser.csproj", "{BC51568F-B5B6-4CE5-B38D-473369CBD69E}"
EndProject
Project("{FAE04EC0-301F-11D3-BF4B-00C04F79EFBC}") = "MicroSchemaParser.Tests", "MicroSchemaParser.Tests\MicroSchemaParser.Tests.csproj", "{9FC49432-6C5C-47C4-AD46-33DC2F53FF73}"
EndProject
Global
	GlobalSection(SolutionConfigurationPlatforms) = preSolution
		Debug|Any CPU = Debug|Any CPU
		Release|Any CPU = Release|Any CPU
	EndGlobalSection
	GlobalSection(ProjectConfigurationPlatforms) = postSolution
		{BC51568F-B5B6-4CE5-B38D-473369CBD69E}.Debug|Any CPU.ActiveCfg = Debug|Any CPU
		{BC51568F-B5B6-4CE5-B38D-473369CBD69E}.Debug|Any CPU.Build.0 = Debug|Any CPU
		{BC51568F-B5B6-4CE5-B38D-473369CBD69E}.Release|Any CPU.ActiveCfg = Release|Any CPU
		{BC51568F-B5B6-4CE5-B38D-473369CBD69E}.Release|Any CPU.Build.0 = Release|Any CPU
		{9FC49432-6C5C-47C4-AD46-33DC2F53FF73}.Debug|Any CPU.ActiveCfg = Debug|Any CPU
		{9FC49432-6C5C-47C4-AD46-33DC2F53FF73}.Debug|Any CPU.Build.0 = Debug|Any CPU
		{9FC49432-6C5C-47C4-AD46-33DC2F53FF73}.Release|Any CPU.ActiveCfg = Release|Any CPU
		{9FC49432-6C5C-47C4-AD46-33DC2F53FF73}.Release|Any CPU.Build.0 = Release|Any CPU
	EndGlobalSection
	GlobalSection(SolutionProperties) = preSolution
		HideSolutionNode = FALSE
	EndGlobalSection
EndGlobal
